
Microsoft Visual Studio Solution File, Format Version 12.00
# Visual Studio 15
VisualStudioVersion = 15.0.27130.2036
MinimumVisualStudioVersion = 10.0.40219.1
Project("{FAE04EC0-301F-11D3-BF4B-00C04F79EFBC}") = "PracticeTask1", "PracticeTask1\PracticeTask1.csproj", "{D810C093-871C-44BF-918F-1118C0306A79}"
EndProject
Global
	GlobalSection(SolutionConfigurationPlatforms) = preSolution
		Debug|Any CPU = Debug|Any CPU
		Release|Any CPU = Release|Any CPU
	EndGlobalSection
	GlobalSection(ProjectConfigurationPlatforms) = postSolution
		{D810C093-871C-44BF-918F-1118C0306A79}.Debug|Any CPU.ActiveCfg = Debug|Any CPU
		{D810C093-871C-44BF-918F-1118C0306A79}.Debug|Any CPU.Build.0 = Debug|Any CPU
		{D810C093-871C-44BF-918F-1118C0306A79}.Release|Any CPU.ActiveCfg = Release|Any CPU
		{D810C093-871C-44BF-918F-1118C0306A79}.Release|Any CPU.Build.0 = Release|Any CPU
	EndGlobalSection
	GlobalSection(SolutionProperties) = preSolution
		HideSolutionNode = FALSE
	EndGlobalSection
	GlobalSection(ExtensibilityGlobals) = postSolution
		SolutionGuid = {BC4126CC-E111-4052-AAE7-B360B4469298}
	EndGlobalSection
EndGlobal
